{
  "version": 4,
  "terraform_version": "1.6.0",
  "serial": 111,
  "lineage": "d6e36895-03c5-4fdb-ae08-4dbe089afc73",
  "outputs": {
    "Bastion_host_public": {
      "value": "51.250.101.26",
      "type": "string"
    },
    "elastic": {
      "value": "192.168.3.23",
      "type": "string"
    },
    "grafana": {
      "value": "192.168.5.24",
      "type": "string"
    },
    "grafana_pub": {
      "value": "51.250.18.35",
      "type": "string"
    },
    "kibana": {
      "value": "192.168.5.30",
      "type": "string"
    },
    "kibana_pub": {
      "value": "51.250.96.83",
      "type": "string"
    },
    "load_balancer_pub": {
      "value": [
        {
          "address": "51.250.93.245"
        }
      ],
      "type": [
        "list",
        [
          "object",
          {
            "address": "string"
          }
        ]
      ]
    },
    "prometheus": {
      "value": "192.168.3.5",
      "type": "string"
    },
    "web1": {
      "value": "192.168.1.10",
      "type": "string"
    },
    "web2": {
      "value": "192.168.2.20",
      "type": "string"
    }
  },
  "resources": [
    {
      "mode": "managed",
      "type": "yandex_alb_backend_group",
      "name": "web-servers",
      "provider": "provider[\"registry.terraform.io/yandex-cloud/yandex\"]",
      "instances": [
        {
          "schema_version": 0,
          "attributes": {
            "created_at": "2023-09-30T20:16:28Z",
            "description": "",
            "folder_id": "b1g6o3gbemoas6ebc6jt",
            "grpc_backend": [],
            "http_backend": [
              {
                "healthcheck": [
                  {
                    "grpc_healthcheck": [],
                    "healthcheck_port": 0,
                    "healthy_threshold": 0,
                    "http_healthcheck": [
                      {
                        "host": "",
                        "http2": false,
                        "path": "/"
                      }
                    ],
                    "interval": "1s",
                    "interval_jitter_percent": 0,
                    "stream_healthcheck": [],
                    "timeout": "1s",
                    "unhealthy_threshold": 0
                  }
                ],
                "http2": false,
                "load_balancing_config": [],
                "name": "web-servers",
                "port": 80,
                "storage_bucket": "",
                "target_group_ids": [
                  "ds7ncs8f2vjqjr13mofd"
                ],
                "tls": [],
                "weight": 1
              }
            ],
            "id": "ds7cg9qug6i0h439difl",
            "labels": null,
            "name": "",
            "session_affinity": [],
            "stream_backend": [],
            "timeouts": null
          },
          "sensitive_attributes": [],
          "private": "eyJlMmJmYjczMC1lY2FhLTExZTYtOGY4OC0zNDM2M2JjN2M0YzAiOnsiY3JlYXRlIjozMDAwMDAwMDAwMDAsImRlbGV0ZSI6MzAwMDAwMDAwMDAwLCJ1cGRhdGUiOjMwMDAwMDAwMDAwMH19",
          "dependencies": [
            "yandex_alb_target_group.web",
            "yandex_compute_instance.web1",
            "yandex_compute_instance.web2",
            "yandex_vpc_network.servernet",
            "yandex_vpc_subnet.subnet-1",
            "yandex_vpc_subnet.subnet-2"
          ]
        }
      ]
    },
    {
      "mode": "managed",
      "type": "yandex_alb_http_router",
      "name": "router",
      "provider": "provider[\"registry.terraform.io/yandex-cloud/yandex\"]",
      "instances": [
        {
          "schema_version": 0,
          "attributes": {
            "created_at": "2023-09-30T20:15:41Z",
            "description": "",
            "folder_id": "b1g6o3gbemoas6ebc6jt",
            "id": "ds77ai6d4pffdgp196ha",
            "labels": null,
            "name": "web-servers-router",
            "route_options": [],
            "timeouts": null
          },
          "sensitive_attributes": [],
          "private": "eyJlMmJmYjczMC1lY2FhLTExZTYtOGY4OC0zNDM2M2JjN2M0YzAiOnsiY3JlYXRlIjozMDAwMDAwMDAwMDAsImRlbGV0ZSI6MzAwMDAwMDAwMDAwLCJ1cGRhdGUiOjMwMDAwMDAwMDAwMH19"
        }
      ]
    },
    {
      "mode": "managed",
      "type": "yandex_alb_load_balancer",
      "name": "app-lb",
      "provider": "provider[\"registry.terraform.io/yandex-cloud/yandex\"]",
      "instances": [
        {
          "schema_version": 0,
          "attributes": {
            "allocation_policy": [
              {
                "location": [
                  {
                    "disable_traffic": false,
                    "subnet_id": "e2lie9v3hpkimt5of8la",
                    "zone_id": "ru-central1-b"
                  }
                ]
              }
            ],
            "created_at": "2023-09-30T20:15:45Z",
            "description": "",
            "folder_id": "b1g6o3gbemoas6ebc6jt",
            "id": "ds7bkf2vjke3nfk9qq4f",
            "labels": null,
            "listener": [
              {
                "endpoint": [
                  {
                    "address": [
                      {
                        "external_ipv4_address": [
                          {
                            "address": "51.250.93.245"
                          }
                        ],
                        "external_ipv6_address": [],
                        "internal_ipv4_address": []
                      }
                    ],
                    "ports": [
                      80
                    ]
                  }
                ],
                "http": [
                  {
                    "handler": [
                      {
                        "allow_http10": false,
                        "http2_options": [],
                        "http_router_id": "ds77ai6d4pffdgp196ha",
                        "rewrite_request_id": false
                      }
                    ],
                    "redirects": []
                  }
                ],
                "name": "listener",
                "stream": [],
                "tls": []
              }
            ],
            "log_group_id": "ckg8tv3qdho3tn0b912l",
            "log_options": [],
            "name": "app-lb",
            "network_id": "enppn7o3pt4dj8nldv21",
            "region_id": "",
            "security_group_ids": null,
            "status": "active",
            "timeouts": null
          },
          "sensitive_attributes": [],
          "private": "eyJlMmJmYjczMC1lY2FhLTExZTYtOGY4OC0zNDM2M2JjN2M0YzAiOnsiY3JlYXRlIjo2MDAwMDAwMDAwMDAsImRlbGV0ZSI6NjAwMDAwMDAwMDAwLCJ1cGRhdGUiOjYwMDAwMDAwMDAwMH19",
          "dependencies": [
            "yandex_alb_http_router.router",
            "yandex_vpc_network.servernet",
            "yandex_vpc_subnet.subnet-5"
          ]
        }
      ]
    },
    {
      "mode": "managed",
      "type": "yandex_alb_target_group",
      "name": "web",
      "provider": "provider[\"registry.terraform.io/yandex-cloud/yandex\"]",
      "instances": [
        {
          "schema_version": 0,
          "attributes": {
            "created_at": "2023-09-30T20:16:27Z",
            "description": "",
            "folder_id": "b1g6o3gbemoas6ebc6jt",
            "id": "ds7ncs8f2vjqjr13mofd",
            "labels": null,
            "name": "web",
            "target": [
              {
                "ip_address": "192.168.1.10",
                "private_ipv4_address": false,
                "subnet_id": "e9bh5tg35n2qruc8304m"
              },
              {
                "ip_address": "192.168.2.20",
                "private_ipv4_address": false,
                "subnet_id": "e2l9656irt04lgj7sn7c"
              }
            ],
            "timeouts": null
          },
          "sensitive_attributes": [],
          "private": "eyJlMmJmYjczMC1lY2FhLTExZTYtOGY4OC0zNDM2M2JjN2M0YzAiOnsiY3JlYXRlIjozMDAwMDAwMDAwMDAsImRlbGV0ZSI6MzAwMDAwMDAwMDAwLCJ1cGRhdGUiOjMwMDAwMDAwMDAwMH19",
          "dependencies": [
            "yandex_compute_instance.web1",
            "yandex_compute_instance.web2",
            "yandex_vpc_network.servernet",
            "yandex_vpc_subnet.subnet-1",
            "yandex_vpc_subnet.subnet-2"
          ]
        }
      ]
    },
    {
      "mode": "managed",
      "type": "yandex_alb_virtual_host",
      "name": "virtual-host",
      "provider": "provider[\"registry.terraform.io/yandex-cloud/yandex\"]",
      "instances": [
        {
          "schema_version": 0,
          "attributes": {
            "authority": null,
            "http_router_id": "ds77ai6d4pffdgp196ha",
            "id": "ds77ai6d4pffdgp196ha/web-servers-router-virtual-host",
            "modify_request_headers": [],
            "modify_response_headers": [],
            "name": "web-servers-router-virtual-host",
            "route": [
              {
                "grpc_route": [],
                "http_route": [
                  {
                    "direct_response_action": [],
                    "http_match": [],
                    "http_route_action": [
                      {
                        "auto_host_rewrite": false,
                        "backend_group_id": "ds7cg9qug6i0h439difl",
                        "host_rewrite": "",
                        "idle_timeout": "",
                        "prefix_rewrite": "",
                        "timeout": "",
                        "upgrade_types": null
                      }
                    ],
                    "redirect_action": []
                  }
                ],
                "name": "router",
                "route_options": []
              }
            ],
            "route_options": [],
            "timeouts": null
          },
          "sensitive_attributes": [],
          "private": "eyJlMmJmYjczMC1lY2FhLTExZTYtOGY4OC0zNDM2M2JjN2M0YzAiOnsiY3JlYXRlIjozMDAwMDAwMDAwMDAsImRlbGV0ZSI6MzAwMDAwMDAwMDAwLCJ1cGRhdGUiOjMwMDAwMDAwMDAwMH19",
          "dependencies": [
            "yandex_alb_backend_group.web-servers",
            "yandex_alb_http_router.router",
            "yandex_alb_target_group.web",
            "yandex_compute_instance.web1",
            "yandex_compute_instance.web2",
            "yandex_vpc_network.servernet",
            "yandex_vpc_subnet.subnet-1",
            "yandex_vpc_subnet.subnet-2"
          ]
        }
      ]
    },
    {
      "mode": "managed",
      "type": "yandex_compute_instance",
      "name": "bastion",
      "provider": "provider[\"registry.terraform.io/yandex-cloud/yandex\"]",
      "instances": [
        {
          "schema_version": 1,
          "attributes": {
            "allow_recreate": null,
            "allow_stopping_for_update": null,
            "boot_disk": [
              {
                "auto_delete": true,
                "device_name": "epdnfinbt99lne1gjlul",
                "disk_id": "epdnfinbt99lne1gjlul",
                "initialize_params": [
                  {
                    "block_size": 4096,
                    "description": "",
                    "image_id": "fd8oshj0osht8svg6rfs",
                    "name": "",
                    "size": 3,
                    "snapshot_id": "",
                    "type": "network-hdd"
                  }
                ],
                "mode": "READ_WRITE"
              }
            ],
            "created_at": "2023-09-30T20:15:45Z",
            "description": "",
            "filesystem": [],
            "folder_id": "b1g6o3gbemoas6ebc6jt",
            "fqdn": "epdrmrefl9r85cm7imes.auto.internal",
            "gpu_cluster_id": "",
            "hostname": "",
            "id": "epdrmrefl9r85cm7imes",
            "labels": null,
            "local_disk": [],
            "metadata": {
              "user-data": "#cloud-config\n disable_root: true\n timezone: Europe/Moscow\n repo_update: true\n package_update: true\n package_upgrade: true\n apt:\n   preserve_sources_list: true\n packages:\n  - ansible\n  - git\n runcmd:\n\n users:\n  - name: alifanov\n    groups: sudo\n    shell: /bin/bash\n    sudo: ['ALL=(ALL) NOPASSWD:ALL']\n    ssh-authorized-keys:\n      - ssh-ed25519 AAAAC3NzaC1lZDI1NTE5AAAAILuuXhTxZ9qwTiH6BBSPaIHduHofUSWafliO3OWo3HYS alifanov@alifanov\n\n chpasswd:\n   list: |\n     alifanov:admin\n   expire: False \n"
            },
            "metadata_options": [
              {
                "aws_v1_http_endpoint": 1,
                "aws_v1_http_token": 2,
                "gce_http_endpoint": 1,
                "gce_http_token": 1
              }
            ],
            "name": "bastion",
            "network_acceleration_type": "standard",
            "network_interface": [
              {
                "dns_record": [],
                "index": 0,
                "ip_address": "192.168.5.18",
                "ipv4": true,
                "ipv6": false,
                "ipv6_address": "",
                "ipv6_dns_record": [],
                "mac_address": "d0:0d:1b:b6:dc:fa",
                "nat": true,
                "nat_dns_record": [],
                "nat_ip_address": "51.250.101.26",
                "nat_ip_version": "IPV4",
                "security_group_ids": [],
                "subnet_id": "e2lie9v3hpkimt5of8la"
              }
            ],
            "placement_policy": [
              {
                "host_affinity_rules": [],
                "placement_group_id": ""
              }
            ],
            "platform_id": "standard-v1",
            "resources": [
              {
                "core_fraction": 20,
                "cores": 2,
                "gpus": 0,
                "memory": 2
              }
            ],
            "scheduling_policy": [
              {
                "preemptible": false
              }
            ],
            "secondary_disk": [],
            "service_account_id": "",
            "status": "running",
            "timeouts": null,
            "zone": "ru-central1-b"
          },
          "sensitive_attributes": [],
          "private": "eyJlMmJmYjczMC1lY2FhLTExZTYtOGY4OC0zNDM2M2JjN2M0YzAiOnsiY3JlYXRlIjozMDAwMDAwMDAwMDAsImRlbGV0ZSI6MzAwMDAwMDAwMDAwLCJ1cGRhdGUiOjMwMDAwMDAwMDAwMH0sInNjaGVtYV92ZXJzaW9uIjoiMSJ9",
          "dependencies": [
            "yandex_vpc_network.servernet",
            "yandex_vpc_subnet.subnet-5"
          ]
        }
      ]
    },
    {
      "mode": "managed",
      "type": "yandex_compute_instance",
      "name": "elasticsearch",
      "provider": "provider[\"registry.terraform.io/yandex-cloud/yandex\"]",
      "instances": [
        {
          "schema_version": 1,
          "attributes": {
            "allow_recreate": null,
            "allow_stopping_for_update": null,
            "boot_disk": [
              {
                "auto_delete": true,
                "device_name": "epdeoq02d5u0flhrlik1",
                "disk_id": "epdeoq02d5u0flhrlik1",
                "initialize_params": [
                  {
                    "block_size": 4096,
                    "description": "",
                    "image_id": "fd8oshj0osht8svg6rfs",
                    "name": "",
                    "size": 10,
                    "snapshot_id": "",
                    "type": "network-hdd"
                  }
                ],
                "mode": "READ_WRITE"
              }
            ],
            "created_at": "2023-09-30T20:15:47Z",
            "description": "",
            "filesystem": [],
            "folder_id": "b1g6o3gbemoas6ebc6jt",
            "fqdn": "epddvdpv9kms9r1gng26.auto.internal",
            "gpu_cluster_id": "",
            "hostname": "",
            "id": "epddvdpv9kms9r1gng26",
            "labels": null,
            "local_disk": [],
            "metadata": {
              "user-data": "#cloud-config\n disable_root: true\n timezone: Europe/Moscow\n repo_update: true\n package_update: true\n package_upgrade: true\n apt:\n   preserve_sources_list: true\n packages:\n  - prometheus-node-exporter  \n  - prometheus-elasticsearch-exporter\n users:\n  - name: alifanov\n    groups: sudo\n    shell: /bin/bash\n    sudo: ['ALL=(ALL) NOPASSWD:ALL']\n    ssh-authorized-keys:\n      - ssh-ed25519 AAAAC3NzaC1lZDI1NTE5AAAAILuuXhTxZ9qwTiH6BBSPaIHduHofUSWafliO3OWo3HYS alifanov@alifanov\n \n chpasswd:\n   list: |\n     alifanov:admin\n     root:admin\n   expire: False \n"
            },
            "metadata_options": [
              {
                "aws_v1_http_endpoint": 1,
                "aws_v1_http_token": 2,
                "gce_http_endpoint": 1,
                "gce_http_token": 1
              }
            ],
            "name": "elasticsearch",
            "network_acceleration_type": "standard",
            "network_interface": [
              {
                "dns_record": [],
                "index": 0,
                "ip_address": "192.168.3.23",
                "ipv4": true,
                "ipv6": false,
                "ipv6_address": "",
                "ipv6_dns_record": [],
                "mac_address": "d0:0d:df:b7:3f:4d",
                "nat": true,
                "nat_dns_record": [],
                "nat_ip_address": "51.250.28.245",
                "nat_ip_version": "IPV4",
                "security_group_ids": [],
                "subnet_id": "e2lsst2ljcqctes786hm"
              }
            ],
            "placement_policy": [
              {
                "host_affinity_rules": [],
                "placement_group_id": ""
              }
            ],
            "platform_id": "standard-v1",
            "resources": [
              {
                "core_fraction": 20,
                "cores": 2,
                "gpus": 0,
                "memory": 4
              }
            ],
            "scheduling_policy": [
              {
                "preemptible": false
              }
            ],
            "secondary_disk": [],
            "service_account_id": "",
            "status": "running",
            "timeouts": null,
            "zone": "ru-central1-b"
          },
          "sensitive_attributes": [],
          "private": "eyJlMmJmYjczMC1lY2FhLTExZTYtOGY4OC0zNDM2M2JjN2M0YzAiOnsiY3JlYXRlIjozMDAwMDAwMDAwMDAsImRlbGV0ZSI6MzAwMDAwMDAwMDAwLCJ1cGRhdGUiOjMwMDAwMDAwMDAwMH0sInNjaGVtYV92ZXJzaW9uIjoiMSJ9",
          "dependencies": [
            "yandex_vpc_network.servernet",
            "yandex_vpc_subnet.subnet-3"
          ]
        }
      ]
    },
    {
      "mode": "managed",
      "type": "yandex_compute_instance",
      "name": "grafana",
      "provider": "provider[\"registry.terraform.io/yandex-cloud/yandex\"]",
      "instances": [
        {
          "schema_version": 1,
          "attributes": {
            "allow_recreate": null,
            "allow_stopping_for_update": null,
            "boot_disk": [
              {
                "auto_delete": true,
                "device_name": "epd1c7308pfp2llbt67o",
                "disk_id": "epd1c7308pfp2llbt67o",
                "initialize_params": [
                  {
                    "block_size": 4096,
                    "description": "",
                    "image_id": "fd8irgqv3b16i3rv20ip",
                    "name": "",
                    "size": 5,
                    "snapshot_id": "",
                    "type": "network-hdd"
                  }
                ],
                "mode": "READ_WRITE"
              }
            ],
            "created_at": "2023-09-30T20:15:45Z",
            "description": "",
            "filesystem": [],
            "folder_id": "b1g6o3gbemoas6ebc6jt",
            "fqdn": "epdph5aq3jgc4cgm4asq.auto.internal",
            "gpu_cluster_id": "",
            "hostname": "",
            "id": "epdph5aq3jgc4cgm4asq",
            "labels": null,
            "local_disk": [],
            "metadata": {
              "user-data": "#cloud-config\n disable_root: true\n timezone: Europe/Moscow\n repo_update: true\n package_update: true\n package_upgrade: true\n apt:\n   preserve_sources_list: true\n packages:\n  - prometheus-node-exporter  \n\n users:\n  - name: alifanov\n    groups: sudo\n    shell: /bin/bash\n    sudo: ['ALL=(ALL) NOPASSWD:ALL']\n    ssh-authorized-keys:\n      - ssh-ed25519 AAAAC3NzaC1lZDI1NTE5AAAAILuuXhTxZ9qwTiH6BBSPaIHduHofUSWafliO3OWo3HYS alifanov@alifanov\n chpasswd:\n   list: |\n     alifanov:admin\n   expire: False \n"
            },
            "metadata_options": [
              {
                "aws_v1_http_endpoint": 1,
                "aws_v1_http_token": 2,
                "gce_http_endpoint": 1,
                "gce_http_token": 1
              }
            ],
            "name": "grafana",
            "network_acceleration_type": "standard",
            "network_interface": [
              {
                "dns_record": [],
                "index": 0,
                "ip_address": "192.168.5.24",
                "ipv4": true,
                "ipv6": false,
                "ipv6_address": "",
                "ipv6_dns_record": [],
                "mac_address": "d0:0d:19:89:55:a1",
                "nat": true,
                "nat_dns_record": [],
                "nat_ip_address": "51.250.18.35",
                "nat_ip_version": "IPV4",
                "security_group_ids": [],
                "subnet_id": "e2lie9v3hpkimt5of8la"
              }
            ],
            "placement_policy": [
              {
                "host_affinity_rules": [],
                "placement_group_id": ""
              }
            ],
            "platform_id": "standard-v1",
            "resources": [
              {
                "core_fraction": 20,
                "cores": 2,
                "gpus": 0,
                "memory": 4
              }
            ],
            "scheduling_policy": [
              {
                "preemptible": false
              }
            ],
            "secondary_disk": [],
            "service_account_id": "",
            "status": "running",
            "timeouts": null,
            "zone": "ru-central1-b"
          },
          "sensitive_attributes": [],
          "private": "eyJlMmJmYjczMC1lY2FhLTExZTYtOGY4OC0zNDM2M2JjN2M0YzAiOnsiY3JlYXRlIjozMDAwMDAwMDAwMDAsImRlbGV0ZSI6MzAwMDAwMDAwMDAwLCJ1cGRhdGUiOjMwMDAwMDAwMDAwMH0sInNjaGVtYV92ZXJzaW9uIjoiMSJ9",
          "dependencies": [
            "yandex_vpc_network.servernet",
            "yandex_vpc_subnet.subnet-5"
          ]
        }
      ]
    },
    {
      "mode": "managed",
      "type": "yandex_compute_instance",
      "name": "kibana",
      "provider": "provider[\"registry.terraform.io/yandex-cloud/yandex\"]",
      "instances": [
        {
          "schema_version": 1,
          "attributes": {
            "allow_recreate": null,
            "allow_stopping_for_update": null,
            "boot_disk": [
              {
                "auto_delete": true,
                "device_name": "epdhk6rl4jop386r2ikf",
                "disk_id": "epdhk6rl4jop386r2ikf",
                "initialize_params": [
                  {
                    "block_size": 4096,
                    "description": "",
                    "image_id": "fd8oshj0osht8svg6rfs",
                    "name": "",
                    "size": 10,
                    "snapshot_id": "",
                    "type": "network-hdd"
                  }
                ],
                "mode": "READ_WRITE"
              }
            ],
            "created_at": "2023-09-30T20:15:45Z",
            "description": "",
            "filesystem": [],
            "folder_id": "b1g6o3gbemoas6ebc6jt",
            "fqdn": "epd3p6j6o1c68l7nmlue.auto.internal",
            "gpu_cluster_id": "",
            "hostname": "",
            "id": "epd3p6j6o1c68l7nmlue",
            "labels": null,
            "local_disk": [],
            "metadata": {
              "user-data": "#cloud-config\n disable_root: true\n timezone: Europe/Moscow\n repo_update: true\n package_update: true\n package_upgrade: true\n apt:\n   preserve_sources_list: true\n packages:\n  - prometheus-node-exporter  \n  - prometheus-elasticsearch-exporter\n users:\n  - name: alifanov\n    groups: sudo\n    shell: /bin/bash\n    sudo: ['ALL=(ALL) NOPASSWD:ALL']\n    ssh-authorized-keys:\n      - ssh-ed25519 AAAAC3NzaC1lZDI1NTE5AAAAILuuXhTxZ9qwTiH6BBSPaIHduHofUSWafliO3OWo3HYS alifanov@alifanov\n chpasswd:\n   list: |\n     alifanov:admin\n   expire: False \n"
            },
            "metadata_options": [
              {
                "aws_v1_http_endpoint": 1,
                "aws_v1_http_token": 2,
                "gce_http_endpoint": 1,
                "gce_http_token": 1
              }
            ],
            "name": "kibana",
            "network_acceleration_type": "standard",
            "network_interface": [
              {
                "dns_record": [],
                "index": 0,
                "ip_address": "192.168.5.30",
                "ipv4": true,
                "ipv6": false,
                "ipv6_address": "",
                "ipv6_dns_record": [],
                "mac_address": "d0:0d:3c:9a:66:c0",
                "nat": true,
                "nat_dns_record": [],
                "nat_ip_address": "51.250.96.83",
                "nat_ip_version": "IPV4",
                "security_group_ids": [],
                "subnet_id": "e2lie9v3hpkimt5of8la"
              }
            ],
            "placement_policy": [
              {
                "host_affinity_rules": [],
                "placement_group_id": ""
              }
            ],
            "platform_id": "standard-v1",
            "resources": [
              {
                "core_fraction": 20,
                "cores": 2,
                "gpus": 0,
                "memory": 4
              }
            ],
            "scheduling_policy": [
              {
                "preemptible": false
              }
            ],
            "secondary_disk": [],
            "service_account_id": "",
            "status": "running",
            "timeouts": null,
            "zone": "ru-central1-b"
          },
          "sensitive_attributes": [],
          "private": "eyJlMmJmYjczMC1lY2FhLTExZTYtOGY4OC0zNDM2M2JjN2M0YzAiOnsiY3JlYXRlIjozMDAwMDAwMDAwMDAsImRlbGV0ZSI6MzAwMDAwMDAwMDAwLCJ1cGRhdGUiOjMwMDAwMDAwMDAwMH0sInNjaGVtYV92ZXJzaW9uIjoiMSJ9",
          "dependencies": [
            "yandex_vpc_network.servernet",
            "yandex_vpc_subnet.subnet-5"
          ]
        }
      ]
    },
    {
      "mode": "managed",
      "type": "yandex_compute_instance",
      "name": "prometheus",
      "provider": "provider[\"registry.terraform.io/yandex-cloud/yandex\"]",
      "instances": [
        {
          "schema_version": 1,
          "attributes": {
            "allow_recreate": null,
            "allow_stopping_for_update": null,
            "boot_disk": [
              {
                "auto_delete": true,
                "device_name": "epd05h9c8ue45jpg2aco",
                "disk_id": "epd05h9c8ue45jpg2aco",
                "initialize_params": [
                  {
                    "block_size": 4096,
                    "description": "",
                    "image_id": "fd8irgqv3b16i3rv20ip",
                    "name": "",
                    "size": 5,
                    "snapshot_id": "",
                    "type": "network-hdd"
                  }
                ],
                "mode": "READ_WRITE"
              }
            ],
            "created_at": "2023-09-30T20:15:47Z",
            "description": "",
            "filesystem": [],
            "folder_id": "b1g6o3gbemoas6ebc6jt",
            "fqdn": "epd6e8ehec568c0j1hld.auto.internal",
            "gpu_cluster_id": "",
            "hostname": "",
            "id": "epd6e8ehec568c0j1hld",
            "labels": null,
            "local_disk": [],
            "metadata": {
              "user-data": "#cloud-config\n disable_root: true\n timezone: Europe/Moscow\n repo_update: true\n package_update: true\n package_upgrade: true\n apt:\n   preserve_sources_list: true\n packages:\n  - prometheus\n  - prometheus-node-exporter\n\n users:\n  - name: alifanov\n    groups: sudo\n    shell: /bin/bash\n    sudo: ['ALL=(ALL) NOPASSWD:ALL']\n    ssh-authorized-keys:\n      - ssh-ed25519 AAAAC3NzaC1lZDI1NTE5AAAAILuuXhTxZ9qwTiH6BBSPaIHduHofUSWafliO3OWo3HYS alifanov@alifanov\n chpasswd:\n   list: |\n     alifanov:admin\n   expire: False \n"
            },
            "metadata_options": [
              {
                "aws_v1_http_endpoint": 1,
                "aws_v1_http_token": 2,
                "gce_http_endpoint": 1,
                "gce_http_token": 1
              }
            ],
            "name": "prometheus",
            "network_acceleration_type": "standard",
            "network_interface": [
              {
                "dns_record": [],
                "index": 0,
                "ip_address": "192.168.3.5",
                "ipv4": true,
                "ipv6": false,
                "ipv6_address": "",
                "ipv6_dns_record": [],
                "mac_address": "d0:0d:67:21:d1:73",
                "nat": true,
                "nat_dns_record": [],
                "nat_ip_address": "130.193.40.187",
                "nat_ip_version": "IPV4",
                "security_group_ids": [],
                "subnet_id": "e2lsst2ljcqctes786hm"
              }
            ],
            "placement_policy": [
              {
                "host_affinity_rules": [],
                "placement_group_id": ""
              }
            ],
            "platform_id": "standard-v1",
            "resources": [
              {
                "core_fraction": 20,
                "cores": 2,
                "gpus": 0,
                "memory": 4
              }
            ],
            "scheduling_policy": [
              {
                "preemptible": false
              }
            ],
            "secondary_disk": [],
            "service_account_id": "",
            "status": "running",
            "timeouts": null,
            "zone": "ru-central1-b"
          },
          "sensitive_attributes": [],
          "private": "eyJlMmJmYjczMC1lY2FhLTExZTYtOGY4OC0zNDM2M2JjN2M0YzAiOnsiY3JlYXRlIjozMDAwMDAwMDAwMDAsImRlbGV0ZSI6MzAwMDAwMDAwMDAwLCJ1cGRhdGUiOjMwMDAwMDAwMDAwMH0sInNjaGVtYV92ZXJzaW9uIjoiMSJ9",
          "dependencies": [
            "yandex_vpc_network.servernet",
            "yandex_vpc_subnet.subnet-3"
          ]
        }
      ]
    },
    {
      "mode": "managed",
      "type": "yandex_compute_instance",
      "name": "web1",
      "provider": "provider[\"registry.terraform.io/yandex-cloud/yandex\"]",
      "instances": [
        {
          "schema_version": 1,
          "attributes": {
            "allow_recreate": null,
            "allow_stopping_for_update": null,
            "boot_disk": [
              {
                "auto_delete": true,
                "device_name": "fhmi9qosdmcg71f37qb4",
                "disk_id": "fhmi9qosdmcg71f37qb4",
                "initialize_params": [
                  {
                    "block_size": 4096,
                    "description": "",
                    "image_id": "fd8irgqv3b16i3rv20ip",
                    "name": "",
                    "size": 5,
                    "snapshot_id": "",
                    "type": "network-hdd"
                  }
                ],
                "mode": "READ_WRITE"
              }
            ],
            "created_at": "2023-09-30T20:15:45Z",
            "description": "",
            "filesystem": [],
            "folder_id": "b1g6o3gbemoas6ebc6jt",
            "fqdn": "fhmv5v9j83d7hhtbuvh2.auto.internal",
            "gpu_cluster_id": "",
            "hostname": "",
            "id": "fhmv5v9j83d7hhtbuvh2",
            "labels": null,
            "local_disk": [],
            "metadata": {
              "user-data": "#cloud-config\n disable_root: true\n timezone: Europe/Moscow\n repo_update: true\n package_update: true\n package_upgrade: true\n apt:\n   preserve_sources_list: true\n packages:\n  - nginx\n  - prometheus-node-exporter\n runcmd:\n  - [ systemctl, reload, nginx.service ]\n  - [ systemctl, enable, nginx.service ]\n  - [ systemctl, start, --no-block, nginx.service ]\n\n users:\n  - name: alifanov\n    groups: sudo\n    shell: /bin/bash\n    sudo: ['ALL=(ALL) NOPASSWD:ALL']\n    ssh-authorized-keys:\n      - ssh-ed25519 AAAAC3NzaC1lZDI1NTE5AAAAILuuXhTxZ9qwTiH6BBSPaIHduHofUSWafliO3OWo3HYS alifanov@alifanov\n chpasswd:\n   list: |\n     alifanov:admin\n   expire: False \n"
            },
            "metadata_options": [
              {
                "aws_v1_http_endpoint": 1,
                "aws_v1_http_token": 2,
                "gce_http_endpoint": 1,
                "gce_http_token": 1
              }
            ],
            "name": "web1",
            "network_acceleration_type": "standard",
            "network_interface": [
              {
                "dns_record": [],
                "index": 0,
                "ip_address": "192.168.1.10",
                "ipv4": true,
                "ipv6": false,
                "ipv6_address": "",
                "ipv6_dns_record": [],
                "mac_address": "d0:0d:1f:2f:d3:34",
                "nat": true,
                "nat_dns_record": [],
                "nat_ip_address": "51.250.5.58",
                "nat_ip_version": "IPV4",
                "security_group_ids": [],
                "subnet_id": "e9bh5tg35n2qruc8304m"
              }
            ],
            "placement_policy": [
              {
                "host_affinity_rules": [],
                "placement_group_id": ""
              }
            ],
            "platform_id": "standard-v1",
            "resources": [
              {
                "core_fraction": 20,
                "cores": 2,
                "gpus": 0,
                "memory": 2
              }
            ],
            "scheduling_policy": [
              {
                "preemptible": false
              }
            ],
            "secondary_disk": [],
            "service_account_id": "",
            "status": "running",
            "timeouts": null,
            "zone": "ru-central1-a"
          },
          "sensitive_attributes": [],
          "private": "eyJlMmJmYjczMC1lY2FhLTExZTYtOGY4OC0zNDM2M2JjN2M0YzAiOnsiY3JlYXRlIjozMDAwMDAwMDAwMDAsImRlbGV0ZSI6MzAwMDAwMDAwMDAwLCJ1cGRhdGUiOjMwMDAwMDAwMDAwMH0sInNjaGVtYV92ZXJzaW9uIjoiMSJ9",
          "dependencies": [
            "yandex_vpc_network.servernet",
            "yandex_vpc_subnet.subnet-1"
          ]
        }
      ]
    },
    {
      "mode": "managed",
      "type": "yandex_compute_instance",
      "name": "web2",
      "provider": "provider[\"registry.terraform.io/yandex-cloud/yandex\"]",
      "instances": [
        {
          "schema_version": 1,
          "attributes": {
            "allow_recreate": null,
            "allow_stopping_for_update": null,
            "boot_disk": [
              {
                "auto_delete": true,
                "device_name": "epdr225977m85trhorik",
                "disk_id": "epdr225977m85trhorik",
                "initialize_params": [
                  {
                    "block_size": 4096,
                    "description": "",
                    "image_id": "fd8irgqv3b16i3rv20ip",
                    "name": "",
                    "size": 5,
                    "snapshot_id": "",
                    "type": "network-hdd"
                  }
                ],
                "mode": "READ_WRITE"
              }
            ],
            "created_at": "2023-09-30T20:15:46Z",
            "description": "",
            "filesystem": [],
            "folder_id": "b1g6o3gbemoas6ebc6jt",
            "fqdn": "epdp7toecfst0rru2na9.auto.internal",
            "gpu_cluster_id": "",
            "hostname": "",
            "id": "epdp7toecfst0rru2na9",
            "labels": null,
            "local_disk": [],
            "metadata": {
              "user-data": "#cloud-config\n disable_root: true\n timezone: Europe/Moscow\n repo_update: true\n package_update: true\n package_upgrade: true\n apt:\n   preserve_sources_list: true\n packages:\n  - nginx\n  - prometheus-node-exporter\n runcmd:\n  - [ systemctl, reload, nginx.service ]\n  - [ systemctl, enable, nginx.service ]\n  - [ systemctl, start, --no-block, nginx.service ]\n\n users:\n  - name: alifanov\n    groups: sudo\n    shell: /bin/bash\n    sudo: ['ALL=(ALL) NOPASSWD:ALL']\n    ssh-authorized-keys:\n      - ssh-ed25519 AAAAC3NzaC1lZDI1NTE5AAAAILuuXhTxZ9qwTiH6BBSPaIHduHofUSWafliO3OWo3HYS alifanov@alifanov\n chpasswd:\n   list: |\n     alifanov:admin\n   expire: False \n"
            },
            "metadata_options": [
              {
                "aws_v1_http_endpoint": 1,
                "aws_v1_http_token": 2,
                "gce_http_endpoint": 1,
                "gce_http_token": 1
              }
            ],
            "name": "web2",
            "network_acceleration_type": "standard",
            "network_interface": [
              {
                "dns_record": [],
                "index": 0,
                "ip_address": "192.168.2.20",
                "ipv4": true,
                "ipv6": false,
                "ipv6_address": "",
                "ipv6_dns_record": [],
                "mac_address": "d0:0d:19:3f:70:e6",
                "nat": true,
                "nat_dns_record": [],
                "nat_ip_address": "130.193.54.125",
                "nat_ip_version": "IPV4",
                "security_group_ids": [],
                "subnet_id": "e2l9656irt04lgj7sn7c"
              }
            ],
            "placement_policy": [
              {
                "host_affinity_rules": [],
                "placement_group_id": ""
              }
            ],
            "platform_id": "standard-v1",
            "resources": [
              {
                "core_fraction": 20,
                "cores": 2,
                "gpus": 0,
                "memory": 2
              }
            ],
            "scheduling_policy": [
              {
                "preemptible": false
              }
            ],
            "secondary_disk": [],
            "service_account_id": "",
            "status": "running",
            "timeouts": null,
            "zone": "ru-central1-b"
          },
          "sensitive_attributes": [],
          "private": "eyJlMmJmYjczMC1lY2FhLTExZTYtOGY4OC0zNDM2M2JjN2M0YzAiOnsiY3JlYXRlIjozMDAwMDAwMDAwMDAsImRlbGV0ZSI6MzAwMDAwMDAwMDAwLCJ1cGRhdGUiOjMwMDAwMDAwMDAwMH0sInNjaGVtYV92ZXJzaW9uIjoiMSJ9",
          "dependencies": [
            "yandex_vpc_network.servernet",
            "yandex_vpc_subnet.subnet-2"
          ]
        }
      ]
    },
    {
      "mode": "managed",
      "type": "yandex_compute_snapshot_schedule",
      "name": "snapshot",
      "provider": "provider[\"registry.terraform.io/yandex-cloud/yandex\"]",
      "instances": [
        {
          "schema_version": 0,
          "attributes": {
            "created_at": "2023-09-30T20:15:41Z",
            "description": "",
            "disk_ids": [],
            "folder_id": "b1g6o3gbemoas6ebc6jt",
            "id": "fd8ab7q2od79luu389d1",
            "labels": null,
            "name": "",
            "retention_period": "168h0m0s",
            "schedule_policy": [
              {
                "expression": "0 2 * * *",
                "start_at": "1970-01-01T00:00:00Z"
              }
            ],
            "snapshot_count": 0,
            "snapshot_spec": [
              {
                "description": "",
                "labels": {}
              }
            ],
            "status": "active",
            "timeouts": null
          },
          "sensitive_attributes": [],
          "private": "eyJlMmJmYjczMC1lY2FhLTExZTYtOGY4OC0zNDM2M2JjN2M0YzAiOnsiY3JlYXRlIjozMDAwMDAwMDAwMDAsImRlbGV0ZSI6MzAwMDAwMDAwMDAwLCJ1cGRhdGUiOjMwMDAwMDAwMDAwMH19"
        }
      ]
    },
    {
      "mode": "managed",
      "type": "yandex_vpc_network",
      "name": "servernet",
      "provider": "provider[\"registry.terraform.io/yandex-cloud/yandex\"]",
      "instances": [
        {
          "schema_version": 0,
          "attributes": {
            "created_at": "2023-09-30T20:15:41Z",
            "default_security_group_id": "enpdqr90mfq54pv2f4ee",
            "description": "",
            "folder_id": "b1g6o3gbemoas6ebc6jt",
            "id": "enppn7o3pt4dj8nldv21",
            "labels": {},
            "name": "servernet",
            "subnet_ids": [],
            "timeouts": null
          },
          "sensitive_attributes": [],
          "private": "eyJlMmJmYjczMC1lY2FhLTExZTYtOGY4OC0zNDM2M2JjN2M0YzAiOnsiY3JlYXRlIjo2MDAwMDAwMDAwMCwiZGVsZXRlIjo2MDAwMDAwMDAwMCwidXBkYXRlIjo2MDAwMDAwMDAwMH19"
        }
      ]
    },
    {
      "mode": "managed",
      "type": "yandex_vpc_security_group",
      "name": "grafana",
      "provider": "provider[\"registry.terraform.io/yandex-cloud/yandex\"]",
      "instances": [
        {
          "schema_version": 0,
          "attributes": {
            "created_at": "2023-09-30T20:15:48Z",
            "description": "grafana group",
            "egress": [
              {
                "description": "",
                "from_port": -1,
                "id": "enpmbs8gddr1l8v1v1e0",
                "labels": {},
                "port": 3000,
                "predefined_target": "",
                "protocol": "ANY",
                "security_group_id": "",
                "to_port": -1,
                "v4_cidr_blocks": [
                  "192.168.5.0/24"
                ],
                "v6_cidr_blocks": []
              }
            ],
            "folder_id": "b1g6o3gbemoas6ebc6jt",
            "id": "enpntthu2vj02mq0u4go",
            "ingress": [
              {
                "description": "",
                "from_port": -1,
                "id": "enpd3ekq7j91rmg11pk3",
                "labels": {},
                "port": 3000,
                "predefined_target": "",
                "protocol": "ANY",
                "security_group_id": "",
                "to_port": -1,
                "v4_cidr_blocks": [
                  "192.168.5.0/24"
                ],
                "v6_cidr_blocks": []
              }
            ],
            "labels": {},
            "name": "grafana",
            "network_id": "enppn7o3pt4dj8nldv21",
            "status": "ACTIVE",
            "timeouts": null
          },
          "sensitive_attributes": [],
          "private": "eyJlMmJmYjczMC1lY2FhLTExZTYtOGY4OC0zNDM2M2JjN2M0YzAiOnsiY3JlYXRlIjoxODAwMDAwMDAwMDAsImRlbGV0ZSI6MTgwMDAwMDAwMDAwLCJ1cGRhdGUiOjE4MDAwMDAwMDAwMH19",
          "dependencies": [
            "yandex_vpc_network.servernet"
          ]
        }
      ]
    },
    {
      "mode": "managed",
      "type": "yandex_vpc_security_group",
      "name": "kibana",
      "provider": "provider[\"registry.terraform.io/yandex-cloud/yandex\"]",
      "instances": [
        {
          "schema_version": 0,
          "attributes": {
            "created_at": "2023-09-30T20:15:46Z",
            "description": "kibana group",
            "egress": [
              {
                "description": "",
                "from_port": -1,
                "id": "enpo8sa6k85dmugbucki",
                "labels": {},
                "port": 5601,
                "predefined_target": "",
                "protocol": "ANY",
                "security_group_id": "",
                "to_port": -1,
                "v4_cidr_blocks": [
                  "192.168.5.0/24"
                ],
                "v6_cidr_blocks": []
              }
            ],
            "folder_id": "b1g6o3gbemoas6ebc6jt",
            "id": "enpe5n17bmf4osoike5a",
            "ingress": [
              {
                "description": "",
                "from_port": -1,
                "id": "enplr83gdcp0qh24gv91",
                "labels": {},
                "port": 5601,
                "predefined_target": "",
                "protocol": "ANY",
                "security_group_id": "",
                "to_port": -1,
                "v4_cidr_blocks": [
                  "192.168.5.0/24"
                ],
                "v6_cidr_blocks": []
              }
            ],
            "labels": {},
            "name": "kibana",
            "network_id": "enppn7o3pt4dj8nldv21",
            "status": "ACTIVE",
            "timeouts": null
          },
          "sensitive_attributes": [],
          "private": "eyJlMmJmYjczMC1lY2FhLTExZTYtOGY4OC0zNDM2M2JjN2M0YzAiOnsiY3JlYXRlIjoxODAwMDAwMDAwMDAsImRlbGV0ZSI6MTgwMDAwMDAwMDAwLCJ1cGRhdGUiOjE4MDAwMDAwMDAwMH19",
          "dependencies": [
            "yandex_vpc_network.servernet"
          ]
        }
      ]
    },
    {
      "mode": "managed",
      "type": "yandex_vpc_security_group",
      "name": "web",
      "provider": "provider[\"registry.terraform.io/yandex-cloud/yandex\"]",
      "instances": [
        {
          "schema_version": 0,
          "attributes": {
            "created_at": "2023-09-30T20:15:44Z",
            "description": "security group",
            "egress": [
              {
                "description": "",
                "from_port": -1,
                "id": "enpm6igsfceph7q13ck4",
                "labels": {},
                "port": 80,
                "predefined_target": "",
                "protocol": "ANY",
                "security_group_id": "",
                "to_port": -1,
                "v4_cidr_blocks": [
                  "192.168.1.0/24",
                  "192.168.2.0/24"
                ],
                "v6_cidr_blocks": []
              }
            ],
            "folder_id": "b1g6o3gbemoas6ebc6jt",
            "id": "enpun1s7j4oj2706mnnn",
            "ingress": [
              {
                "description": "",
                "from_port": -1,
                "id": "enpqfdadkllk03gfae1a",
                "labels": {},
                "port": 80,
                "predefined_target": "",
                "protocol": "ANY",
                "security_group_id": "",
                "to_port": -1,
                "v4_cidr_blocks": [
                  "192.168.1.0/24",
                  "192.168.2.0/24"
                ],
                "v6_cidr_blocks": []
              }
            ],
            "labels": {},
            "name": "web",
            "network_id": "enppn7o3pt4dj8nldv21",
            "status": "ACTIVE",
            "timeouts": null
          },
          "sensitive_attributes": [],
          "private": "eyJlMmJmYjczMC1lY2FhLTExZTYtOGY4OC0zNDM2M2JjN2M0YzAiOnsiY3JlYXRlIjoxODAwMDAwMDAwMDAsImRlbGV0ZSI6MTgwMDAwMDAwMDAwLCJ1cGRhdGUiOjE4MDAwMDAwMDAwMH19",
          "dependencies": [
            "yandex_vpc_network.servernet"
          ]
        }
      ]
    },
    {
      "mode": "managed",
      "type": "yandex_vpc_subnet",
      "name": "subnet-1",
      "provider": "provider[\"registry.terraform.io/yandex-cloud/yandex\"]",
      "instances": [
        {
          "schema_version": 0,
          "attributes": {
            "created_at": "2023-09-30T20:15:43Z",
            "description": "",
            "dhcp_options": [],
            "folder_id": "b1g6o3gbemoas6ebc6jt",
            "id": "e9bh5tg35n2qruc8304m",
            "labels": {},
            "name": "web1",
            "network_id": "enppn7o3pt4dj8nldv21",
            "route_table_id": "",
            "timeouts": null,
            "v4_cidr_blocks": [
              "192.168.1.0/24"
            ],
            "v6_cidr_blocks": [],
            "zone": "ru-central1-a"
          },
          "sensitive_attributes": [],
          "private": "eyJlMmJmYjczMC1lY2FhLTExZTYtOGY4OC0zNDM2M2JjN2M0YzAiOnsiY3JlYXRlIjoxODAwMDAwMDAwMDAsImRlbGV0ZSI6MTgwMDAwMDAwMDAwLCJ1cGRhdGUiOjE4MDAwMDAwMDAwMH19",
          "dependencies": [
            "yandex_vpc_network.servernet"
          ]
        }
      ]
    },
    {
      "mode": "managed",
      "type": "yandex_vpc_subnet",
      "name": "subnet-2",
      "provider": "provider[\"registry.terraform.io/yandex-cloud/yandex\"]",
      "instances": [
        {
          "schema_version": 0,
          "attributes": {
            "created_at": "2023-09-30T20:15:45Z",
            "description": "",
            "dhcp_options": [],
            "folder_id": "b1g6o3gbemoas6ebc6jt",
            "id": "e2l9656irt04lgj7sn7c",
            "labels": {},
            "name": "web2",
            "network_id": "enppn7o3pt4dj8nldv21",
            "route_table_id": "",
            "timeouts": null,
            "v4_cidr_blocks": [
              "192.168.2.0/24"
            ],
            "v6_cidr_blocks": [],
            "zone": "ru-central1-b"
          },
          "sensitive_attributes": [],
          "private": "eyJlMmJmYjczMC1lY2FhLTExZTYtOGY4OC0zNDM2M2JjN2M0YzAiOnsiY3JlYXRlIjoxODAwMDAwMDAwMDAsImRlbGV0ZSI6MTgwMDAwMDAwMDAwLCJ1cGRhdGUiOjE4MDAwMDAwMDAwMH19",
          "dependencies": [
            "yandex_vpc_network.servernet"
          ]
        }
      ]
    },
    {
      "mode": "managed",
      "type": "yandex_vpc_subnet",
      "name": "subnet-3",
      "provider": "provider[\"registry.terraform.io/yandex-cloud/yandex\"]",
      "instances": [
        {
          "schema_version": 0,
          "attributes": {
            "created_at": "2023-09-30T20:15:46Z",
            "description": "",
            "dhcp_options": [],
            "folder_id": "b1g6o3gbemoas6ebc6jt",
            "id": "e2lsst2ljcqctes786hm",
            "labels": {},
            "name": "monitor",
            "network_id": "enppn7o3pt4dj8nldv21",
            "route_table_id": "",
            "timeouts": null,
            "v4_cidr_blocks": [
              "192.168.3.0/24"
            ],
            "v6_cidr_blocks": [],
            "zone": "ru-central1-b"
          },
          "sensitive_attributes": [],
          "private": "eyJlMmJmYjczMC1lY2FhLTExZTYtOGY4OC0zNDM2M2JjN2M0YzAiOnsiY3JlYXRlIjoxODAwMDAwMDAwMDAsImRlbGV0ZSI6MTgwMDAwMDAwMDAwLCJ1cGRhdGUiOjE4MDAwMDAwMDAwMH19",
          "dependencies": [
            "yandex_vpc_network.servernet"
          ]
        }
      ]
    },
    {
      "mode": "managed",
      "type": "yandex_vpc_subnet",
      "name": "subnet-4",
      "provider": "provider[\"registry.terraform.io/yandex-cloud/yandex\"]",
      "instances": [
        {
          "schema_version": 0,
          "attributes": {
            "created_at": "2023-09-30T20:15:44Z",
            "description": "",
            "dhcp_options": [],
            "folder_id": "b1g6o3gbemoas6ebc6jt",
            "id": "e2lubke934n6jf5j3dno",
            "labels": {},
            "name": "log",
            "network_id": "enppn7o3pt4dj8nldv21",
            "route_table_id": "",
            "timeouts": null,
            "v4_cidr_blocks": [
              "192.168.4.0/24"
            ],
            "v6_cidr_blocks": [],
            "zone": "ru-central1-b"
          },
          "sensitive_attributes": [],
          "private": "eyJlMmJmYjczMC1lY2FhLTExZTYtOGY4OC0zNDM2M2JjN2M0YzAiOnsiY3JlYXRlIjoxODAwMDAwMDAwMDAsImRlbGV0ZSI6MTgwMDAwMDAwMDAwLCJ1cGRhdGUiOjE4MDAwMDAwMDAwMH19",
          "dependencies": [
            "yandex_vpc_network.servernet"
          ]
        }
      ]
    },
    {
      "mode": "managed",
      "type": "yandex_vpc_subnet",
      "name": "subnet-5",
      "provider": "provider[\"registry.terraform.io/yandex-cloud/yandex\"]",
      "instances": [
        {
          "schema_version": 0,
          "attributes": {
            "created_at": "2023-09-30T20:15:44Z",
            "description": "",
            "dhcp_options": [],
            "folder_id": "b1g6o3gbemoas6ebc6jt",
            "id": "e2lie9v3hpkimt5of8la",
            "labels": {},
            "name": "public",
            "network_id": "enppn7o3pt4dj8nldv21",
            "route_table_id": "",
            "timeouts": null,
            "v4_cidr_blocks": [
              "192.168.5.0/24"
            ],
            "v6_cidr_blocks": [],
            "zone": "ru-central1-b"
          },
          "sensitive_attributes": [],
          "private": "eyJlMmJmYjczMC1lY2FhLTExZTYtOGY4OC0zNDM2M2JjN2M0YzAiOnsiY3JlYXRlIjoxODAwMDAwMDAwMDAsImRlbGV0ZSI6MTgwMDAwMDAwMDAwLCJ1cGRhdGUiOjE4MDAwMDAwMDAwMH19",
          "dependencies": [
            "yandex_vpc_network.servernet"
          ]
        }
      ]
    }
  ],
  "check_results": null
}
